FORGE
  remote: https://forgeapi.puppetlabs.com
  specs:
    KyleAnderson-consul (6.1.0)
      camptocamp-systemd (< 3.0.0, >= 1.1.1)
      puppet-archive (< 5.0.0, >= 2.0.0)
      puppetlabs-stdlib (< 7.0.0, >= 4.13.1)
    camptocamp-systemd (2.10.0)
      puppetlabs-inifile (< 5.0.0, >= 1.6.0)
      puppetlabs-stdlib (< 7.0.0, >= 4.13.1)
    example42-network (3.6.0)
      puppetlabs-concat (< 7.0.0, >= 1.0.0)
      puppetlabs-stdlib (< 7.0.0, >= 2.0.1)
    herculesteam-augeasproviders_core (2.6.0)
      puppetlabs-stdlib (< 7.0.0, >= 3.2.0)
    herculesteam-augeasproviders_sysctl (2.5.1)
      herculesteam-augeasproviders_core (< 3.0.0, >= 2.4.0)
    leinaddm-htpasswd (0.0.3)
    puppet-archive (4.6.0)
      puppetlabs-stdlib (< 7.0.0, >= 4.18.0)
    puppet-collectd (12.2.0)
      puppet-epel (< 4.0.0, >= 3.0.0)
      puppetlabs-apt (< 8.0.0, >= 2.2.0)
      puppetlabs-concat (< 7.0.0, >= 4.1.0)
      puppetlabs-python_task_helper (< 1.0.0, >= 0.2.0)
      puppetlabs-stdlib (< 7.0.0, >= 4.25.0)
    puppet-epel (3.0.1)
    puppet-logrotate (5.0.0)
      puppetlabs-stdlib (< 7.0.0, >= 4.22.0)
    puppet-nginx (0.15.0)
      puppetlabs-concat (< 6.0.0, >= 3.0.0)
      puppetlabs-stdlib (< 6.0.0, >= 4.22.0)
    puppet-unattended_upgrades (5.1.0)
      puppetlabs-apt (< 8.0.0, >= 2.2.0)
      puppetlabs-stdlib (< 7.0.0, >= 4.13.1)
    puppetlabs-apt (4.5.1)
      puppetlabs-stdlib (< 5.0.0, >= 4.16.0)
    puppetlabs-concat (4.2.1)
      puppetlabs-stdlib (< 5.0.0, >= 4.13.1)
    puppetlabs-docker (3.13.0)
      puppetlabs-apt (< 8.0.0, >= 4.4.1)
      puppetlabs-powershell (< 4.0.0, >= 2.1.4)
      puppetlabs-reboot (< 3.0.0, >= 2.0.0)
      puppetlabs-stdlib (< 7.0.0, >= 4.24.0)
      puppetlabs-translate (< 3.0.0, >= 0.0.1)
    puppetlabs-firewall (2.8.0)
      puppetlabs-stdlib (< 7.0.0, >= 4.0.0)
    puppetlabs-inifile (4.4.0)
      puppetlabs-stdlib (< 7.0.0, >= 4.13.0)
      puppetlabs-translate (< 3.0.0, >= 1.0.0)
    puppetlabs-mysql (10.9.1)
      puppetlabs-resource_api (< 2.0.0, >= 1.0.0)
      puppetlabs-stdlib (< 7.0.0, >= 3.2.0)
      puppetlabs-translate (< 3.0.0, >= 1.0.0)
    puppetlabs-ntp (8.5.0)
      puppetlabs-stdlib (< 7.0.0, >= 4.13.1)
    puppetlabs-powershell (3.0.1)
      puppetlabs-pwshlib (< 2.0.0, >= 0.4.0)
    puppetlabs-puppetserver_gem (1.1.1)
    puppetlabs-pwshlib (0.6.3)
    puppetlabs-python_task_helper (0.4.3)
    puppetlabs-reboot (2.4.0)
    puppetlabs-resource_api (1.1.0)
      puppetlabs-puppetserver_gem (< 2.0.0, >= 1.0.0)
    puppetlabs-stdlib (4.25.1)
    puppetlabs-translate (2.2.0)
    puppetlabs-vcsrepo (3.1.1)
    saz-ssh (6.2.0)
      puppetlabs-concat (< 7.0.0, >= 2.2.0)
      puppetlabs-stdlib (< 7.0.0, >= 4.25.0)
    saz-sudo (6.0.0)
      puppetlabs-stdlib (< 7.0.0, >= 2.6.0)
    simp-simpkv (0.7.1)
      puppetlabs-stdlib (< 7.0.0, >= 4.9.0)
    simp-simplib (4.6.2)
      puppetlabs-stdlib (< 7.0.0, >= 4.13.1)
      simp-simpkv (< 1.0.0, >= 0.7.0)
    thias-php (1.2.4)

GIT
  remote: https://github.com/aequitas/puppet-letsencrypt.git
  ref: 052151e64f068a30c0c43df1e563e1bc69a34975
  sha: 052151e64f068a30c0c43df1e563e1bc69a34975
  specs:
    aequitas-letsencrypt (0.2.1)
      puppetlabs-stdlib (>= 1.0.0)

GIT
  remote: https://github.com/aequitas/puppet-sites.git
  ref: af2ba9ef0c4bf2ac25f8858b64303523a676d3f9
  sha: af2ba9ef0c4bf2ac25f8858b64303523a676d3f9
  specs:
    aequitas-sites (0.1.0)
      puppet-logrotate (>= 1.1.1)
      puppet-nginx (>= 0.6.0)
      puppetlabs-concat (>= 3.0.0)
      puppetlabs-stdlib (>= 1.0.0)
      simp-simplib (>= 3.10.0)

GIT
  remote: https://github.com/aequitas/puppetlabs-haproxy.git
  ref: master
  sha: a548f09d8b3ca213df2568ca65bf36e521c15623
  specs:
    puppetlabs-haproxy (2.1.0)
      puppetlabs-concat (< 5.0.0, >= 1.2.3)
      puppetlabs-stdlib (< 5.0.0, >= 4.13.1)

GIT
  remote: https://github.com/jtreminio/petems-swap_file.git
  ref: a497b192d0cbeaab754448caffda51ffbe9fbbfb
  sha: a497b192d0cbeaab754448caffda51ffbe9fbbfb
  specs:
    petems-swap_file (4.0.1)
      herculesteam-augeasproviders_core (< 3.0.0, >= 2.1.0)
      herculesteam-augeasproviders_sysctl (< 3.0.0, >= 2.1.0)
      puppetlabs-stdlib (< 5.0.0, >= 4.7.0)

GIT
  remote: https://github.com/yankcrime/puppet-telegraf.git
  ref: 2.0.0
  sha: 3957d82dacf8d6093e2ae48579c4abc46fc16f93
  specs:
    datacentred-telegraf (2.0.0)
      puppetlabs-apt (< 5.0.0, >= 2.0.0)
      puppetlabs-stdlib (< 5.0.0, >= 4.10.0)

DEPENDENCIES
  KyleAnderson-consul (>= 3.0.0)
  aequitas-letsencrypt (>= 0)
  aequitas-sites (>= 0)
  datacentred-telegraf (>= 2.0.0)
  example42-network (>= 0)
  leinaddm-htpasswd (>= 0)
  petems-swap_file (>= 0)
  puppet-collectd (>= 0)
  puppet-nginx (= 0.15.0)
  puppet-unattended_upgrades (>= 0)
  puppetlabs-docker (>= 3.13.0)
  puppetlabs-firewall (>= 0)
  puppetlabs-haproxy (>= 0)
  puppetlabs-mysql (>= 0)
  puppetlabs-ntp (>= 0)
  puppetlabs-stdlib (>= 0)
  puppetlabs-vcsrepo (>= 0)
  saz-ssh (>= 4)
  saz-sudo (>= 0)
  simp-simplib (>= 0)
  thias-php (>= 0)

